// !$*UTF8*$!
{
	archiveVersion = 1;
	classes = {
	};
	objectVersion = 77;
	objects = {

/* Begin PBXBuildFile section */
		AFA11FD444CDBB3CAD832300 /* Pods_GoogleSignIN.framework in Frameworks */ = {isa = PBXBuildFile; fileRef = 9423AB060C5E6027743D9444 /* Pods_GoogleSignIN.framework */; };
		BE1093082E5CA40A0098F796 /* Assets.xcassets in Resources */ = {isa = PBXBuildFile; fileRef = BE1092FD2E5CA40A0098F796 /* Assets.xcassets */; };
		BE10930A2E5CA40A0098F796 /* LaunchScreen.storyboard in Resources */ = {isa = PBXBuildFile; fileRef = BE1093012E5CA40A0098F796 /* LaunchScreen.storyboard */; };
		BE10930C2E5CA40A0098F796 /* AppDelegate.swift in Sources */ = {isa = PBXBuildFile; fileRef = BE1092FC2E5CA40A0098F796 /* AppDelegate.swift */; };
		BE10930D2E5CA40A0098F796 /* GoogleSignIN.xcdatamodeld in Sources */ = {isa = PBXBuildFile; fileRef = BE1092FE2E5CA40A0098F796 /* GoogleSignIN.xcdatamodeld */; };
		BE10930E2E5CA40A0098F796 /* SceneDelegate.swift in Sources */ = {isa = PBXBuildFile; fileRef = BE1093042E5CA40A0098F796 /* SceneDelegate.swift */; };
		BE1093132E5CA4690098F796 /* HomeViewController.swift in Sources */ = {isa = PBXBuildFile; fileRef = BE1093122E5CA4690098F796 /* HomeViewController.swift */; };
		BE1093152E5CA4710098F796 /* HomeViewController.storyboard in Resources */ = {isa = PBXBuildFile; fileRef = BE1093142E5CA4710098F796 /* HomeViewController.storyboard */; };
/* End PBXBuildFile section */

/* Begin PBXFileReference section */
		2AAA1FF222B4378C32142DC5 /* Pods-GoogleSignIN.debug.xcconfig */ = {isa = PBXFileReference; includeInIndex = 1; lastKnownFileType = text.xcconfig; name = "Pods-GoogleSignIN.debug.xcconfig"; path = "Target Support Files/Pods-GoogleSignIN/Pods-GoogleSignIN.debug.xcconfig"; sourceTree = "<group>"; };
		6CDF368D932CDABDAEAE9D6E /* Pods-GoogleSignIN.release.xcconfig */ = {isa = PBXFileReference; includeInIndex = 1; lastKnownFileType = text.xcconfig; name = "Pods-GoogleSignIN.release.xcconfig"; path = "Target Support Files/Pods-GoogleSignIN/Pods-GoogleSignIN.release.xcconfig"; sourceTree = "<group>"; };
		9423AB060C5E6027743D9444 /* Pods_GoogleSignIN.framework */ = {isa = PBXFileReference; explicitFileType = wrapper.framework; includeInIndex = 0; path = Pods_GoogleSignIN.framework; sourceTree = BUILT_PRODUCTS_DIR; };
		BE05B2CA2E5C818800688C55 /* GoogleSignIN.app */ = {isa = PBXFileReference; explicitFileType = wrapper.application; includeInIndex = 0; path = GoogleSignIN.app; sourceTree = BUILT_PRODUCTS_DIR; };
		BE1092FC2E5CA40A0098F796 /* AppDelegate.swift */ = {isa = PBXFileReference; lastKnownFileType = sourcecode.swift; path = AppDelegate.swift; sourceTree = "<group>"; };
		BE1092FD2E5CA40A0098F796 /* Assets.xcassets */ = {isa = PBXFileReference; lastKnownFileType = folder.assetcatalog; path = Assets.xcassets; sourceTree = "<group>"; };
		BE1092FF2E5CA40A0098F796 /* Info.plist */ = {isa = PBXFileReference; lastKnownFileType = text.plist.xml; path = Info.plist; sourceTree = "<group>"; };
		BE1093002E5CA40A0098F796 /* Base */ = {isa = PBXFileReference; lastKnownFileType = file.storyboard; name = Base; path = Base.lproj/LaunchScreen.storyboard; sourceTree = "<group>"; };
		BE1093042E5CA40A0098F796 /* SceneDelegate.swift */ = {isa = PBXFileReference; lastKnownFileType = sourcecode.swift; path = SceneDelegate.swift; sourceTree = "<group>"; };
		BE1093072E5CA40A0098F796 /* GoogleSignIN.xcdatamodel */ = {isa = PBXFileReference; lastKnownFileType = wrapper.xcdatamodel; path = GoogleSignIN.xcdatamodel; sourceTree = "<group>"; };
		BE1093122E5CA4690098F796 /* HomeViewController.swift */ = {isa = PBXFileReference; lastKnownFileType = sourcecode.swift; path = HomeViewController.swift; sourceTree = "<group>"; };
		BE1093142E5CA4710098F796 /* HomeViewController.storyboard */ = {isa = PBXFileReference; lastKnownFileType = file.storyboard; path = HomeViewController.storyboard; sourceTree = "<group>"; };
/* End PBXFileReference section */

/* Begin PBXFrameworksBuildPhase section */
		BE05B2C72E5C818800688C55 /* Frameworks */ = {
			isa = PBXFrameworksBuildPhase;
			buildActionMask = 2147483647;
			files = (
				AFA11FD444CDBB3CAD832300 /* Pods_GoogleSignIN.framework in Frameworks */,
			);
			runOnlyForDeploymentPostprocessing = 0;
		};
/* End PBXFrameworksBuildPhase section */

/* Begin PBXGroup section */
		A41BD67E8C9B0F6DFA35E426 /* Frameworks */ = {
			isa = PBXGroup;
			children = (
				9423AB060C5E6027743D9444 /* Pods_GoogleSignIN.framework */,
			);
			name = Frameworks;
			sourceTree = "<group>";
		};
		BE05B2C12E5C818800688C55 = {
			isa = PBXGroup;
			children = (
				BE1093062E5CA40A0098F796 /* GoogleSignIN */,
				BE05B2CB2E5C818800688C55 /* Products */,
				FCC6EB8BE0D30C946AB89CB9 /* Pods */,
				A41BD67E8C9B0F6DFA35E426 /* Frameworks */,
			);
			sourceTree = "<group>";
		};
		BE05B2CB2E5C818800688C55 /* Products */ = {
			isa = PBXGroup;
			children = (
				BE05B2CA2E5C818800688C55 /* GoogleSignIN.app */,
			);
			name = Products;
			sourceTree = "<group>";
		};
		BE1093062E5CA40A0098F796 /* GoogleSignIN */ = {
			isa = PBXGroup;
			children = (
				BE1093102E5CA43A0098F796 /* System */,
				BE1093112E5CA45C0098F796 /* Controller */,
				BE1092FD2E5CA40A0098F796 /* Assets.xcassets */,
				BE1092FE2E5CA40A0098F796 /* GoogleSignIN.xcdatamodeld */,
				BE1092FF2E5CA40A0098F796 /* Info.plist */,
				BE1093012E5CA40A0098F796 /* LaunchScreen.storyboard */,
			);
			path = GoogleSignIN;
			sourceTree = "<group>";
		};
		BE1093102E5CA43A0098F796 /* System */ = {
			isa = PBXGroup;
			children = (
				BE1092FC2E5CA40A0098F796 /* AppDelegate.swift */,
				BE1093042E5CA40A0098F796 /* SceneDelegate.swift */,
			);
			path = System;
			sourceTree = "<group>";
		};
		BE1093112E5CA45C0098F796 /* Controller */ = {
			isa = PBXGroup;
			children = (
				BE1093122E5CA4690098F796 /* HomeViewController.swift */,
				BE1093142E5CA4710098F796 /* HomeViewController.storyboard */,
			);
			path = Controller;
			sourceTree = "<group>";
		};
		FCC6EB8BE0D30C946AB89CB9 /* Pods */ = {
			isa = PBXGroup;
			children = (
				2AAA1FF222B4378C32142DC5 /* Pods-GoogleSignIN.debug.xcconfig */,
				6CDF368D932CDABDAEAE9D6E /* Pods-GoogleSignIN.release.xcconfig */,
			);
			path = Pods;
			sourceTree = "<group>";
		};
/* End PBXGroup section */

/* Begin PBXNativeTarget section */
		BE05B2C92E5C818800688C55 /* GoogleSignIN */ = {
			isa = PBXNativeTarget;
			buildConfigurationList = BE05B2E02E5C818A00688C55 /* Build configuration list for PBXNativeTarget "GoogleSignIN" */;
			buildPhases = (
				6D37B697CAE7D3D4D05C2972 /* [CP] Check Pods Manifest.lock */,
				BE05B2C62E5C818800688C55 /* Sources */,
				BE05B2C72E5C818800688C55 /* Frameworks */,
				BE05B2C82E5C818800688C55 /* Resources */,
				1A4AAF8CF82067DEFB1FD02D /* [CP] Embed Pods Frameworks */,
			);
			buildRules = (
			);
			dependencies = (
			);
			name = GoogleSignIN;
			productName = GoogleSignIN;
			productReference = BE05B2CA2E5C818800688C55 /* GoogleSignIN.app */;
			productType = "com.apple.product-type.application";
		};
/* End PBXNativeTarget section */

/* Begin PBXProject section */
		BE05B2C22E5C818800688C55 /* Project object */ = {
			isa = PBXProject;
			attributes = {
				BuildIndependentTargetsInParallel = 1;
				LastSwiftUpdateCheck = 1610;
				LastUpgradeCheck = 1610;
				TargetAttributes = {
					BE05B2C92E5C818800688C55 = {
						CreatedOnToolsVersion = 16.1;
					};
				};
			};
			buildConfigurationList = BE05B2C52E5C818800688C55 /* Build configuration list for PBXProject "GoogleSignIN" */;
			developmentRegion = en;
			hasScannedForEncodings = 0;
			knownRegions = (
				en,
				Base,
			);
			mainGroup = BE05B2C12E5C818800688C55;
			minimizedProjectReferenceProxies = 1;
			preferredProjectObjectVersion = 77;
			productRefGroup = BE05B2CB2E5C818800688C55 /* Products */;
			projectDirPath = "";
			projectRoot = "";
			targets = (
				BE05B2C92E5C818800688C55 /* GoogleSignIN */,
			);
		};
/* End PBXProject section */

/* Begin PBXResourcesBuildPhase section */
		BE05B2C82E5C818800688C55 /* Resources */ = {
			isa = PBXResourcesBuildPhase;
			buildActionMask = 2147483647;
			files = (
				BE1093082E5CA40A0098F796 /* Assets.xcassets in Resources */,
				BE10930A2E5CA40A0098F796 /* LaunchScreen.storyboard in Resources */,
				BE1093152E5CA4710098F796 /* HomeViewController.storyboard in Resources */,
			);
			runOnlyForDeploymentPostprocessing = 0;
		};
/* End PBXResourcesBuildPhase section */

/* Begin PBXShellScriptBuildPhase section */
		1A4AAF8CF82067DEFB1FD02D /* [CP] Embed Pods Frameworks */ = {
			isa = PBXShellScriptBuildPhase;
			buildActionMask = 2147483647;
			files = (
			);
			inputFileListPaths = (
				"${PODS_ROOT}/Target Support Files/Pods-GoogleSignIN/Pods-GoogleSignIN-frameworks-${CONFIGURATION}-input-files.xcfilelist",
			);
			name = "[CP] Embed Pods Frameworks";
			outputFileListPaths = (
				"${PODS_ROOT}/Target Support Files/Pods-GoogleSignIN/Pods-GoogleSignIN-frameworks-${CONFIGURATION}-output-files.xcfilelist",
			);
			runOnlyForDeploymentPostprocessing = 0;
			shellPath = /bin/sh;
			shellScript = "\"${PODS_ROOT}/Target Support Files/Pods-GoogleSignIN/Pods-GoogleSignIN-frameworks.sh\"\n";
			showEnvVarsInLog = 0;
		};
		6D37B697CAE7D3D4D05C2972 /* [CP] Check Pods Manifest.lock */ = {
			isa = PBXShellScriptBuildPhase;
			buildActionMask = 2147483647;
			files = (
			);
			inputFileListPaths = (
			);
			inputPaths = (
				"${PODS_PODFILE_DIR_PATH}/Podfile.lock",
				"${PODS_ROOT}/Manifest.lock",
			);
			name = "[CP] Check Pods Manifest.lock";
			outputFileListPaths = (
			);
			outputPaths = (
				"$(DERIVED_FILE_DIR)/Pods-GoogleSignIN-checkManifestLockResult.txt",
			);
			runOnlyForDeploymentPostprocessing = 0;
			shellPath = /bin/sh;
			shellScript = "diff \"${PODS_PODFILE_DIR_PATH}/Podfile.lock\" \"${PODS_ROOT}/Manifest.lock\" > /dev/null\nif [ $? != 0 ] ; then\n    # print error to STDERR\n    echo \"error: The sandbox is not in sync with the Podfile.lock. Run 'pod install' or update your CocoaPods installation.\" >&2\n    exit 1\nfi\n# This output is used by Xcode 'outputs' to avoid re-running this script phase.\necho \"SUCCESS\" > \"${SCRIPT_OUTPUT_FILE_0}\"\n";
			showEnvVarsInLog = 0;
		};
/* End PBXShellScriptBuildPhase section */

/* Begin PBXSourcesBuildPhase section */
		BE05B2C62E5C818800688C55 /* Sources */ = {
			isa = PBXSourcesBuildPhase;
			buildActionMask = 2147483647;
			files = (
				BE10930C2E5CA40A0098F796 /* AppDelegate.swift in Sources */,
				BE10930D2E5CA40A0098F796 /* GoogleSignIN.xcdatamodeld in Sources */,
				BE10930E2E5CA40A0098F796 /* SceneDelegate.swift in Sources */,
				BE1093132E5CA4690098F796 /* HomeViewController.swift in Sources */,
			);
			runOnlyForDeploymentPostprocessing = 0;
		};
/* End PBXSourcesBuildPhase section */

/* Begin PBXVariantGroup section */
		BE1093012E5CA40A0098F796 /* LaunchScreen.storyboard */ = {
			isa = PBXVariantGroup;
			children = (
				BE1093002E5CA40A0098F796 /* Base */,
			);
			name = LaunchScreen.storyboard;
			sourceTree = "<group>";
		};
/* End PBXVariantGroup section */

/* Begin XCBuildConfiguration section */
		BE05B2E12E5C818A00688C55 /* Debug */ = {
			isa = XCBuildConfiguration;
			baseConfigurationReference = 2AAA1FF222B4378C32142DC5 /* Pods-GoogleSignIN.debug.xcconfig */;
			buildSettings = {
				ASSETCATALOG_COMPILER_APPICON_NAME = AppIcon;
				ASSETCATALOG_COMPILER_GLOBAL_ACCENT_COLOR_NAME = AccentColor;
				CODE_SIGN_STYLE = Automatic;
				CURRENT_PROJECT_VERSION = 1;
				GENERATE_INFOPLIST_FILE = YES;
				INFOPLIST_FILE = GoogleSignIN/Info.plist;
				INFOPLIST_KEY_UIApplicationSupportsIndirectInputEvents = YES;
				INFOPLIST_KEY_UILaunchStoryboardName = LaunchScreen;
				INFOPLIST_KEY_UIMainStoryboardFile = HomeViewController;
				INFOPLIST_KEY_UISupportedInterfaceOrientations_iPad = "UIInterfaceOrientationPortrait UIInterfaceOrientationPortraitUpsideDown UIInterfaceOrientationLandscapeLeft UIInterfaceOrientationLandscapeRight";
				INFOPLIST_KEY_UISupportedInterfaceOrientations_iPhone = "UIInterfaceOrientationPortrait UIInterfaceOrientationLandscapeLeft UIInterfaceOrientationLandscapeRight";
				LD_RUNPATH_SEARCH_PATHS = (
					"$(inherited)",
					"@executable_path/Frameworks",
				);
				MARKETING_VERSION = 1.0;
				PRODUCT_BUNDLE_IDENTIFIER = thirdcode.GoogleSignIN;
				PRODUCT_NAME = "$(TARGET_NAME)";
				SWIFT_EMIT_LOC_STRINGS = YES;
				SWIFT_VERSION = 5.0;
				TARGETED_DEVICE_FAMILY = "1,2";
			};
			name = Debug;
		};
		BE05B2E22E5C818A00688C55 /* Release */ = {
			isa = XCBuildConfiguration;
			baseConfigurationReference = 6CDF368D932CDABDAEAE9D6E /* Pods-GoogleSignIN.release.xcconfig */;
			buildSettings = {
				ASSETCATALOG_COMPILER_APPICON_NAME = AppIcon;
				ASSETCATALOG_COMPILER_GLOBAL_ACCENT_COLOR_NAME = AccentColor;
				CODE_SIGN_STYLE = Automatic;
				CURRENT_PROJECT_VERSION = 1;
				GENERATE_INFOPLIST_FILE = YES;
				INFOPLIST_FILE = GoogleSignIN/Info.plist;
				INFOPLIST_KEY_UIApplicationSupportsIndirectInputEvents = YES;
				INFOPLIST_KEY_UILaunchStoryboardName = LaunchScreen;
				INFOPLIST_KEY_UIMainStoryboardFile = HomeViewController;
				INFOPLIST_KEY_UISupportedInterfaceOrientations_iPad = "UIInterfaceOrientationPortrait UIInterfaceOrientationPortraitUpsideDown UIInterfaceOrientationLandscapeLeft UIInterfaceOrientationLandscapeRight";
				INFOPLIST_KEY_UISupportedInterfaceOrientations_iPhone = "UIInterfaceOrientationPortrait UIInterfaceOrientationLandscapeLeft UIInterfaceOrientationLandscapeRight";
				LD_RUNPATH_SEARCH_PATHS = (
					"$(inherited)",
					"@executable_path/Frameworks",
				);
				MARKETING_VERSION = 1.0;
				PRODUCT_BUNDLE_IDENTIFIER = thirdcode.GoogleSignIN;
				PRODUCT_NAME = "$(TARGET_NAME)";
				SWIFT_EMIT_LOC_STRINGS = YES;
				SWIFT_VERSION = 5.0;
				TARGETED_DEVICE_FAMILY = "1,2";
			};
			name = Release;
		};
		BE05B2E32E5C818A00688C55 /* Debug */ = {
			isa = XCBuildConfiguration;
			buildSettings = {
				ALWAYS_SEARCH_USER_PATHS = NO;
				ASSETCATALOG_COMPILER_GENERATE_SWIFT_ASSET_SYMBOL_EXTENSIONS = YES;
				CLANG_ANALYZER_NONNULL = YES;
				CLANG_ANALYZER_NUMBER_OBJECT_CONVERSION = YES_AGGRESSIVE;
				CLANG_CXX_LANGUAGE_STANDARD = "gnu++20";
				CLANG_ENABLE_MODULES = YES;
				CLANG_ENABLE_OBJC_ARC = YES;
				CLANG_ENABLE_OBJC_WEAK = YES;
				CLANG_WARN_BLOCK_CAPTURE_AUTORELEASING = YES;
				CLANG_WARN_BOOL_CONVERSION = YES;
				CLANG_WARN_COMMA = YES;
				CLANG_WARN_CONSTANT_CONVERSION = YES;
				CLANG_WARN_DEPRECATED_OBJC_IMPLEMENTATIONS = YES;
				CLANG_WARN_DIRECT_OBJC_ISA_USAGE = YES_ERROR;
				CLANG_WARN_DOCUMENTATION_COMMENTS = YES;
				CLANG_WARN_EMPTY_BODY = YES;
				CLANG_WARN_ENUM_CONVERSION = YES;
				CLANG_WARN_INFINITE_RECURSION = YES;
				CLANG_WARN_INT_CONVERSION = YES;
				CLANG_WARN_NON_LITERAL_NULL_CONVERSION = YES;
				CLANG_WARN_OBJC_IMPLICIT_RETAIN_SELF = YES;
				CLANG_WARN_OBJC_LITERAL_CONVERSION = YES;
				CLANG_WARN_OBJC_ROOT_CLASS = YES_ERROR;
				CLANG_WARN_QUOTED_INCLUDE_IN_FRAMEWORK_HEADER = YES;
				CLANG_WARN_RANGE_LOOP_ANALYSIS = YES;
				CLANG_WARN_STRICT_PROTOTYPES = YES;
				CLANG_WARN_SUSPICIOUS_MOVE = YES;
				CLANG_WARN_UNGUARDED_AVAILABILITY = YES_AGGRESSIVE;
				CLANG_WARN_UNREACHABLE_CODE = YES;
				CLANG_WARN__DUPLICATE_METHOD_MATCH = YES;
				COPY_PHASE_STRIP = NO;
				DEBUG_INFORMATION_FORMAT = dwarf;
				ENABLE_STRICT_OBJC_MSGSEND = YES;
				ENABLE_TESTABILITY = YES;
				ENABLE_USER_SCRIPT_SANDBOXING = NO;
				GCC_C_LANGUAGE_STANDARD = gnu17;
				GCC_DYNAMIC_NO_PIC = NO;
				GCC_NO_COMMON_BLOCKS = YES;
				GCC_OPTIMIZATION_LEVEL = 0;
				GCC_PREPROCESSOR_DEFINITIONS = (
					"DEBUG=1",
					"$(inherited)",
				);
				GCC_WARN_64_TO_32_BIT_CONVERSION = YES;
				GCC_WARN_ABOUT_RETURN_TYPE = YES_ERROR;
				GCC_WARN_UNDECLARED_SELECTOR = YES;
				GCC_WARN_UNINITIALIZED_AUTOS = YES_AGGRESSIVE;
				GCC_WARN_UNUSED_FUNCTION = YES;
				GCC_WARN_UNUSED_VARIABLE = YES;
				IPHONEOS_DEPLOYMENT_TARGET = 18.1;
				LOCALIZATION_PREFERS_STRING_CATALOGS = YES;
				MTL_ENABLE_DEBUG_INFO = INCLUDE_SOURCE;
				MTL_FAST_MATH = YES;
				ONLY_ACTIVE_ARCH = YES;
				SDKROOT = iphoneos;
				SWIFT_ACTIVE_COMPILATION_CONDITIONS = "DEBUG $(inherited)";
				SWIFT_OPTIMIZATION_LEVEL = "-Onone";
			};
			name = Debug;
		};
		BE05B2E42E5C818A00688C55 /* Release */ = {
			isa = XCBuildConfiguration;
			buildSettings = {
				ALWAYS_SEARCH_USER_PATHS = NO;
				ASSETCATALOG_COMPILER_GENERATE_SWIFT_ASSET_SYMBOL_EXTENSIONS = YES;
				CLANG_ANALYZER_NONNULL = YES;
				CLANG_ANALYZER_NUMBER_OBJECT_CONVERSION = YES_AGGRESSIVE;
				CLANG_CXX_LANGUAGE_STANDARD = "gnu++20";
				CLANG_ENABLE_MODULES = YES;
				CLANG_ENABLE_OBJC_ARC = YES;
				CLANG_ENABLE_OBJC_WEAK = YES;
				CLANG_WARN_BLOCK_CAPTURE_AUTORELEASING = YES;
				CLANG_WARN_BOOL_CONVERSION = YES;
				CLANG_WARN_COMMA = YES;
				CLANG_WARN_CONSTANT_CONVERSION = YES;
				CLANG_WARN_DEPRECATED_OBJC_IMPLEMENTATIONS = YES;
				CLANG_WARN_DIRECT_OBJC_ISA_USAGE = YES_ERROR;
				CLANG_WARN_DOCUMENTATION_COMMENTS = YES;
				CLANG_WARN_EMPTY_BODY = YES;
				CLANG_WARN_ENUM_CONVERSION = YES;
				CLANG_WARN_INFINITE_RECURSION = YES;
				CLANG_WARN_INT_CONVERSION = YES;
				CLANG_WARN_NON_LITERAL_NULL_CONVERSION = YES;
				CLANG_WARN_OBJC_IMPLICIT_RETAIN_SELF = YES;
				CLANG_WARN_OBJC_LITERAL_CONVERSION = YES;
				CLANG_WARN_OBJC_ROOT_CLASS = YES_ERROR;
				CLANG_WARN_QUOTED_INCLUDE_IN_FRAMEWORK_HEADER = YES;
				CLANG_WARN_RANGE_LOOP_ANALYSIS = YES;
				CLANG_WARN_STRICT_PROTOTYPES = YES;
				CLANG_WARN_SUSPICIOUS_MOVE = YES;
				CLANG_WARN_UNGUARDED_AVAILABILITY = YES_AGGRESSIVE;
				CLANG_WARN_UNREACHABLE_CODE = YES;
				CLANG_WARN__DUPLICATE_METHOD_MATCH = YES;
				COPY_PHASE_STRIP = NO;
				DEBUG_INFORMATION_FORMAT = "dwarf-with-dsym";
				ENABLE_NS_ASSERTIONS = NO;
				ENABLE_STRICT_OBJC_MSGSEND = YES;
				ENABLE_USER_SCRIPT_SANDBOXING = NO;
				GCC_C_LANGUAGE_STANDARD = gnu17;
				GCC_NO_COMMON_BLOCKS = YES;
				GCC_WARN_64_TO_32_BIT_CONVERSION = YES;
				GCC_WARN_ABOUT_RETURN_TYPE = YES_ERROR;
				GCC_WARN_UNDECLARED_SELECTOR = YES;
				GCC_WARN_UNINITIALIZED_AUTOS = YES_AGGRESSIVE;
				GCC_WARN_UNUSED_FUNCTION = YES;
				GCC_WARN_UNUSED_VARIABLE = YES;
				IPHONEOS_DEPLOYMENT_TARGET = 18.1;
				LOCALIZATION_PREFERS_STRING_CATALOGS = YES;
				MTL_ENABLE_DEBUG_INFO = NO;
				MTL_FAST_MATH = YES;
				SDKROOT = iphoneos;
				SWIFT_COMPILATION_MODE = wholemodule;
				VALIDATE_PRODUCT = YES;
			};
			name = Release;
		};
/* End XCBuildConfiguration section */

/* Begin XCConfigurationList section */
		BE05B2C52E5C818800688C55 /* Build configuration list for PBXProject "GoogleSignIN" */ = {
			isa = XCConfigurationList;
			buildConfigurations = (
				BE05B2E32E5C818A00688C55 /* Debug */,
				BE05B2E42E5C818A00688C55 /* Release */,
			);
			defaultConfigurationIsVisible = 0;
			defaultConfigurationName = Release;
		};
		BE05B2E02E5C818A00688C55 /* Build configuration list for PBXNativeTarget "GoogleSignIN" */ = {
			isa = XCConfigurationList;
			buildConfigurations = (
				BE05B2E12E5C818A00688C55 /* Debug */,
				BE05B2E22E5C818A00688C55 /* Release */,
			);
			defaultConfigurationIsVisible = 0;
			defaultConfigurationName = Release;
		};
/* End XCConfigurationList section */

/* Begin XCVersionGroup section */
		BE1092FE2E5CA40A0098F796 /* GoogleSignIN.xcdatamodeld */ = {
			isa = XCVersionGroup;
			children = (
				BE1093072E5CA40A0098F796 /* GoogleSignIN.xcdatamodel */,
			);
			currentVersion = BE1093072E5CA40A0098F796 /* GoogleSignIN.xcdatamodel */;
			path = GoogleSignIN.xcdatamodeld;
			sourceTree = "<group>";
			versionGroupType = wrapper.xcdatamodel;
		};
/* End XCVersionGroup section */
	};
	rootObject = BE05B2C22E5C818800688C55 /* Project object */;
}
